
Microsoft Visual Studio Solution File, Format Version 12.00
# Visual Studio Version 17
VisualStudioVersion = 17.6.33712.159
MinimumVisualStudioVersion = 10.0.40219.1
Project("{8BC9CEB8-8B4A-11D0-8D11-00A0C91BC942}") = "ParadigmaOOP2", "ParadigmaOOP2.vcxproj", "{8AAC760A-BC7A-4EE8-AD1A-0B7B1AAC36F8}"
EndProject
Project("{8BC9CEB8-8B4A-11D0-8D11-00A0C91BC942}") = "solveMultiwaris", "..\solveMultiwaris\solveMultiwaris.vcxproj", "{6E9E5412-9D2E-4B15-B2B5-7FDC22F672DB}"
EndProject
Project("{8BC9CEB8-8B4A-11D0-8D11-00A0C91BC942}") = "Polymorphism", "..\Polymorphism\Polymorphism.vcxproj", "{B63A3867-BB90-46A2-BB87-DB08F09DEDBC}"
EndProject
Project("{8BC9CEB8-8B4A-11D0-8D11-00A0C91BC942}") = "Program noOverriding", "..\Program noOverriding\Program noOverriding.vcxproj", "{B6E5C546-BE18-4CF0-8137-83B591469295}"
EndProject
Global
	GlobalSection(SolutionConfigurationPlatforms) = preSolution
		Debug|x64 = Debug|x64
		Debug|x86 = Debug|x86
		Release|x64 = Release|x64
		Release|x86 = Release|x86
	EndGlobalSection
	GlobalSection(ProjectConfigurationPlatforms) = postSolution
		{8AAC760A-BC7A-4EE8-AD1A-0B7B1AAC36F8}.Debug|x64.ActiveCfg = Debug|x64
		{8AAC760A-BC7A-4EE8-AD1A-0B7B1AAC36F8}.Debug|x64.Build.0 = Debug|x64
		{8AAC760A-BC7A-4EE8-AD1A-0B7B1AAC36F8}.Debug|x86.ActiveCfg = Debug|Win32
		{8AAC760A-BC7A-4EE8-AD1A-0B7B1AAC36F8}.Debug|x86.Build.0 = Debug|Win32
		{8AAC760A-BC7A-4EE8-AD1A-0B7B1AAC36F8}.Release|x64.ActiveCfg = Release|x64
		{8AAC760A-BC7A-4EE8-AD1A-0B7B1AAC36F8}.Release|x64.Build.0 = Release|x64
		{8AAC760A-BC7A-4EE8-AD1A-0B7B1AAC36F8}.Release|x86.ActiveCfg = Release|Win32
		{8AAC760A-BC7A-4EE8-AD1A-0B7B1AAC36F8}.Release|x86.Build.0 = Release|Win32
		{6E9E5412-9D2E-4B15-B2B5-7FDC22F672DB}.Debug|x64.ActiveCfg = Debug|x64
		{6E9E5412-9D2E-4B15-B2B5-7FDC22F672DB}.Debug|x64.Build.0 = Debug|x64
		{6E9E5412-9D2E-4B15-B2B5-7FDC22F672DB}.Debug|x86.ActiveCfg = Debug|Win32
		{6E9E5412-9D2E-4B15-B2B5-7FDC22F672DB}.Debug|x86.Build.0 = Debug|Win32
		{6E9E5412-9D2E-4B15-B2B5-7FDC22F672DB}.Release|x64.ActiveCfg = Release|x64
		{6E9E5412-9D2E-4B15-B2B5-7FDC22F672DB}.Release|x64.Build.0 = Release|x64
		{6E9E5412-9D2E-4B15-B2B5-7FDC22F672DB}.Release|x86.ActiveCfg = Release|Win32
		{6E9E5412-9D2E-4B15-B2B5-7FDC22F672DB}.Release|x86.Build.0 = Release|Win32
		{B63A3867-BB90-46A2-BB87-DB08F09DEDBC}.Debug|x64.ActiveCfg = Debug|x64
		{B63A3867-BB90-46A2-BB87-DB08F09DEDBC}.Debug|x64.Build.0 = Debug|x64
		{B63A3867-BB90-46A2-BB87-DB08F09DEDBC}.Debug|x86.ActiveCfg = Debug|Win32
		{B63A3867-BB90-46A2-BB87-DB08F09DEDBC}.Debug|x86.Build.0 = Debug|Win32
		{B63A3867-BB90-46A2-BB87-DB08F09DEDBC}.Release|x64.ActiveCfg = Release|x64
		{B63A3867-BB90-46A2-BB87-DB08F09DEDBC}.Release|x64.Build.0 = Release|x64
		{B63A3867-BB90-46A2-BB87-DB08F09DEDBC}.Release|x86.ActiveCfg = Release|Win32
		{B63A3867-BB90-46A2-BB87-DB08F09DEDBC}.Release|x86.Build.0 = Release|Win32
		{B6E5C546-BE18-4CF0-8137-83B591469295}.Debug|x64.ActiveCfg = Debug|x64
		{B6E5C546-BE18-4CF0-8137-83B591469295}.Debug|x64.Build.0 = Debug|x64
		{B6E5C546-BE18-4CF0-8137-83B591469295}.Debug|x86.ActiveCfg = Debug|Win32
		{B6E5C546-BE18-4CF0-8137-83B591469295}.Debug|x86.Build.0 = Debug|Win32
		{B6E5C546-BE18-4CF0-8137-83B591469295}.Release|x64.ActiveCfg = Release|x64
		{B6E5C546-BE18-4CF0-8137-83B591469295}.Release|x64.Build.0 = Release|x64
		{B6E5C546-BE18-4CF0-8137-83B591469295}.Release|x86.ActiveCfg = Release|Win32
		{B6E5C546-BE18-4CF0-8137-83B591469295}.Release|x86.Build.0 = Release|Win32
	EndGlobalSection
	GlobalSection(SolutionProperties) = preSolution
		HideSolutionNode = FALSE
	EndGlobalSection
	GlobalSection(ExtensibilityGlobals) = postSolution
		SolutionGuid = {29AA4994-7427-4751-A679-0CBFD2725C4D}
	EndGlobalSection
EndGlobal
